PODS:
  - LaunchAtLogin (2.2.0)
  - ReSwift (4.0.1)

DEPENDENCIES:
  - LaunchAtLogin
  - ReSwift (~> 4.0.0)

SPEC REPOS:
  trunk:
    - LaunchAtLogin
    - ReSwift

SPEC CHECKSUMS:
  LaunchAtLogin: e8d5ac6dc8b973947904ca61241bb36a553c5ef9
  ReSwift: f4012c613e13da7398827fe5aebdb938eaed40a3

PODFILE CHECKSUM: 02993d09f1a15fa23e40ba0e25a5b480b5e2b147

COCOAPODS: 1.10.2
